
Microsoft Visual Studio Solution File, Format Version 12.00
# Visual Studio Version 17
VisualStudioVersion = 17.13.35825.156 d17.13
MinimumVisualStudioVersion = 10.0.40219.1
Project("{FAE04EC0-301F-11D3-BF4B-00C04F79EFBC}") = "project3", "project3\project3.csproj", "{CC1080A7-DA17-4C08-89C8-6DFA9E6F495A}"
EndProject
Global
	GlobalSection(SolutionConfigurationPlatforms) = preSolution
		Debug|Any CPU = Debug|Any CPU
		Release|Any CPU = Release|Any CPU
	EndGlobalSection
	GlobalSection(ProjectConfigurationPlatforms) = postSolution
		{CC1080A7-DA17-4C08-89C8-6DFA9E6F495A}.Debug|Any CPU.ActiveCfg = Debug|Any CPU
		{CC1080A7-DA17-4C08-89C8-6DFA9E6F495A}.Debug|Any CPU.Build.0 = Debug|Any CPU
		{CC1080A7-DA17-4C08-89C8-6DFA9E6F495A}.Release|Any CPU.ActiveCfg = Release|Any CPU
		{CC1080A7-DA17-4C08-89C8-6DFA9E6F495A}.Release|Any CPU.Build.0 = Release|Any CPU
	EndGlobalSection
	GlobalSection(SolutionProperties) = preSolution
		HideSolutionNode = FALSE
	EndGlobalSection
	GlobalSection(ExtensibilityGlobals) = postSolution
		SolutionGuid = {A46B8955-82B0-46AB-B3BB-DE385E82423D}
	EndGlobalSection
EndGlobal
